<?xml version="1.0" encoding="UTF-8"?>
<Project ToolsVersion="14.0" xmlns="http://schemas.microsoft.com/developer/msbuild/2003">
  <ItemGroup>
    <ClCompile Include="C:\Users\b00243868\Desktop\default_GPGPU\cpu.cpp">
      <Filter>Source Files</Filter>
    </ClCompile>
  </ItemGroup>
  <ItemGroup>
    <CustomBuild Include="C:\Users\b00243868\Desktop\default_GPGPU\CMakeLists.txt" />
  </ItemGroup>
  <ItemGroup>
    <Filter Include="Source Files">
      <UniqueIdentifier>{F3062F76-3DE5-3ACF-AF31-48E712B44A94}</UniqueIdentifier>
    </Filter>
  </ItemGroup>
</Project>
