<?xml version="1.0" encoding="utf-8"?>
<Project ToolsVersion="14.0" xmlns="http://schemas.microsoft.com/developer/msbuild/2003">
  <ItemGroup>
    <CustomBuild Include="C:\Users\b00243868\Desktop\default_GPGPU\gpu.cu" />
    <CustomBuild Include="C:\Users\b00243868\Desktop\default_GPGPU\CMakeLists.txt" />
  </ItemGroup>
  <ItemGroup>
    <Object Include="C:\Users\b00243868\Desktop\default_GPGPU\CMakeFiles\gpu.dir\$(Configuration)\gpu_generated_gpu.cu.obj">
      <Filter>Object Files</Filter>
    </Object>
  </ItemGroup>
  <ItemGroup>
    <Filter Include="Object Files">
      <UniqueIdentifier>{DD5DEA60-3301-3D54-A2E9-E806EDC6BB85}</UniqueIdentifier>
    </Filter>
  </ItemGroup>
  <ItemGroup>
    <ClCompile Include="CpuMandel.cpp" />
    <ClCompile Include="MandelbrotSet.cpp" />
    <ClCompile Include="Util.cpp" />
  </ItemGroup>
  <ItemGroup>
    <ClInclude Include="CpuMandel.h" />
    <ClInclude Include="MandelbrotSet.h" />
    <ClInclude Include="Util.h" />
  </ItemGroup>
  <ItemGroup>
    <None Include="The Mandelbrot Set.docx" />
  </ItemGroup>
</Project>